<?xml version="1.0" encoding="utf-8"?>
<Project ToolsVersion="4.0" xmlns:atg="http://atg.xbox.com" xmlns="http://schemas.microsoft.com/developer/msbuild/2003">
  <ItemGroup>
    <Filter Include="Resource Files">
      <UniqueIdentifier>{8e114980-c1a3-4ada-ad7c-83caadf5daeb}</UniqueIdentifier>
      <Extensions>rc;ico;cur;bmp;dlg;rc2;rct;bin;rgs;gif;jpg;jpeg;jpe</Extensions>
    </Filter>
    <Filter Include="DXUT">
      <UniqueIdentifier>{a43c5c25-0e86-4a20-b64a-883785ff74fd}</UniqueIdentifier>
    </Filter>
    <Filter Include="Shaders">
      <UniqueIdentifier>{2c3d4c8c-5d1a-459a-a05a-a4e4b608a44e}</UniqueIdentifier>
      <Extensions>fx;fxh;hlsl</Extensions>
    </Filter>
    <Filter Include="include">
      <UniqueIdentifier>{7f5caf68-f557-47e2-8b96-89ed2bfb585d}</UniqueIdentifier>
    </Filter>
    <Filter Include="source">
      <UniqueIdentifier>{d8b6d60d-9387-48ae-9bd2-13d02a672e92}</UniqueIdentifier>
    </Filter>
    <Filter Include="imgui">
      <UniqueIdentifier>{448ec7d3-dbae-44ce-8c30-f52a7b264435}</UniqueIdentifier>
    </Filter>
    <Filter Include="imgui\include">
      <UniqueIdentifier>{0ba6e70e-33b8-4742-bd48-9b19df9057a7}</UniqueIdentifier>
    </Filter>
    <Filter Include="imgui\src">
      <UniqueIdentifier>{2fdccc92-4843-49a6-895b-75fa45a6cb38}</UniqueIdentifier>
    </Filter>
  </ItemGroup>
  <ItemGroup>
    <ClInclude Include="include\Window.h">
      <Filter>include</Filter>
    </ClInclude>
    <ClInclude Include="include\Prerequisites.h">
      <Filter>include</Filter>
    </ClInclude>
    <ClInclude Include="include\Resource.h">
      <Filter>include</Filter>
    </ClInclude>
    <ClInclude Include="include\DepthStencilView.h">
      <Filter>include</Filter>
    </ClInclude>
    <ClInclude Include="include\Device.h">
      <Filter>include</Filter>
    </ClInclude>
    <ClInclude Include="include\DeviceContext.h">
      <Filter>include</Filter>
    </ClInclude>
    <ClInclude Include="include\RenderTargetView.h">
      <Filter>include</Filter>
    </ClInclude>
    <ClInclude Include="include\SwapChain.h">
      <Filter>include</Filter>
    </ClInclude>
    <ClInclude Include="include\Texture.h">
      <Filter>include</Filter>
    </ClInclude>
    <ClInclude Include="include\BaseApp.h">
      <Filter>include</Filter>
    </ClInclude>
    <ClInclude Include="include\Buffer.h">
      <Filter>include</Filter>
    </ClInclude>
    <ClInclude Include="include\InputLayout.h">
      <Filter>include</Filter>
    </ClInclude>
    <ClInclude Include="include\MeshComponent.h">
      <Filter>include</Filter>
    </ClInclude>
    <ClInclude Include="include\ModelLoader.h">
      <Filter>include</Filter>
    </ClInclude>
    <ClInclude Include="include\SamplerState.h">
      <Filter>include</Filter>
    </ClInclude>
    <ClInclude Include="include\ShaderProgram.h">
      <Filter>include</Filter>
    </ClInclude>
    <ClInclude Include="include\Viewport.h">
      <Filter>include</Filter>
    </ClInclude>
    <ClInclude Include="imgui-docking\imgui-docking\backends\imgui_impl_dx11.h">
      <Filter>imgui\src</Filter>
    </ClInclude>
    <ClInclude Include="imgui-docking\imgui-docking\backends\imgui_impl_win32.h">
      <Filter>imgui\src</Filter>
    </ClInclude>
    <ClInclude Include="imgui-docking\imgui-docking\imconfig.h">
      <Filter>imgui\include</Filter>
    </ClInclude>
    <ClInclude Include="imgui-docking\imgui-docking\imgui.h">
      <Filter>imgui\include</Filter>
    </ClInclude>
    <ClInclude Include="imgui-docking\imgui-docking\imgui_internal.h">
      <Filter>imgui\include</Filter>
    </ClInclude>
    <ClInclude Include="imgui-docking\imgui-docking\imstb_rectpack.h">
      <Filter>imgui\include</Filter>
    </ClInclude>
    <ClInclude Include="imgui-docking\imgui-docking\imstb_textedit.h">
      <Filter>imgui\include</Filter>
    </ClInclude>
    <ClInclude Include="imgui-docking\imgui-docking\imstb_truetype.h">
      <Filter>imgui\include</Filter>
    </ClInclude>
  </ItemGroup>
  <ItemGroup>
    <ResourceCompile Include="UltimateReaverEngine.rc">
      <Filter>Resource Files</Filter>
    </ResourceCompile>
  </ItemGroup>
  <ItemGroup>
    <ClCompile Include="source\Window.cpp">
      <Filter>source</Filter>
    </ClCompile>
    <ClCompile Include="source\DepthStencilView.cpp">
      <Filter>source</Filter>
    </ClCompile>
    <ClCompile Include="source\Device.cpp">
      <Filter>source</Filter>
    </ClCompile>
    <ClCompile Include="source\DeviceContext.cpp">
      <Filter>source</Filter>
    </ClCompile>
    <ClCompile Include="source\RenderTargetView.cpp">
      <Filter>source</Filter>
    </ClCompile>
    <ClCompile Include="source\SwapChain.cpp">
      <Filter>source</Filter>
    </ClCompile>
    <ClCompile Include="source\Texture.cpp">
      <Filter>source</Filter>
    </ClCompile>
    <ClCompile Include="UltimateReaverEngine.cpp" />
    <ClCompile Include="source\BaseApp.cpp">
      <Filter>source</Filter>
    </ClCompile>
    <ClCompile Include="source\Buffer.cpp">
      <Filter>source</Filter>
    </ClCompile>
    <ClCompile Include="source\InputLayout.cpp">
      <Filter>source</Filter>
    </ClCompile>
    <ClCompile Include="source\ModelLoader.cpp">
      <Filter>source</Filter>
    </ClCompile>
    <ClCompile Include="source\SamplerState.cpp">
      <Filter>source</Filter>
    </ClCompile>
    <ClCompile Include="source\ShaderProgram.cpp">
      <Filter>source</Filter>
    </ClCompile>
    <ClCompile Include="source\Viewport.cpp">
      <Filter>source</Filter>
    </ClCompile>
    <ClCompile Include="imgui-docking\imgui-docking\backends\imgui_impl_dx11.cpp">
      <Filter>imgui\src</Filter>
    </ClCompile>
    <ClCompile Include="imgui-docking\imgui-docking\backends\imgui_impl_win32.cpp">
      <Filter>imgui\src</Filter>
    </ClCompile>
    <ClCompile Include="imgui-docking\imgui-docking\imgui.cpp">
      <Filter>imgui\src</Filter>
    </ClCompile>
    <ClCompile Include="imgui-docking\imgui-docking\imgui_demo.cpp">
      <Filter>imgui\src</Filter>
    </ClCompile>
    <ClCompile Include="imgui-docking\imgui-docking\imgui_draw.cpp">
      <Filter>imgui\src</Filter>
    </ClCompile>
    <ClCompile Include="imgui-docking\imgui-docking\imgui_tables.cpp">
      <Filter>imgui\src</Filter>
    </ClCompile>
    <ClCompile Include="imgui-docking\imgui-docking\imgui_widgets.cpp">
      <Filter>imgui\src</Filter>
    </ClCompile>
  </ItemGroup>
  <ItemGroup>
    <Text Include="bin\UltimateReaverEngine.fx">
      <Filter>Shaders</Filter>
    </Text>
  </ItemGroup>
</Project>